// !$*UTF8*$!
{
	archiveVersion = 1;
	classes = {
	};
	objectVersion = 52;
	objects = {

/* Begin PBXBuildFile section */
		DA63ECDC25616252009F5FDB /* Stage.swift in Sources */ = {isa = PBXBuildFile; fileRef = DA63ECDB25616252009F5FDB /* Stage.swift */; };
		DA63ECDD25616252009F5FDB /* Stage.swift in Sources */ = {isa = PBXBuildFile; fileRef = DA63ECDB25616252009F5FDB /* Stage.swift */; };
		DA63ECDE25616252009F5FDB /* Stage.swift in Sources */ = {isa = PBXBuildFile; fileRef = DA63ECDB25616252009F5FDB /* Stage.swift */; };
		DA63ECDF25616252009F5FDB /* Stage.swift in Sources */ = {isa = PBXBuildFile; fileRef = DA63ECDB25616252009F5FDB /* Stage.swift */; };
		DA63ECE025616252009F5FDB /* Stage.swift in Sources */ = {isa = PBXBuildFile; fileRef = DA63ECDB25616252009F5FDB /* Stage.swift */; };
		DA63ECE7256162E7009F5FDB /* StageViewModel.swift in Sources */ = {isa = PBXBuildFile; fileRef = DA63ECE6256162E7009F5FDB /* StageViewModel.swift */; };
		DA63ECE8256162E7009F5FDB /* StageViewModel.swift in Sources */ = {isa = PBXBuildFile; fileRef = DA63ECE6256162E7009F5FDB /* StageViewModel.swift */; };
		DA63ECE9256162E7009F5FDB /* StageViewModel.swift in Sources */ = {isa = PBXBuildFile; fileRef = DA63ECE6256162E7009F5FDB /* StageViewModel.swift */; };
		DA63ECEA256162E7009F5FDB /* StageViewModel.swift in Sources */ = {isa = PBXBuildFile; fileRef = DA63ECE6256162E7009F5FDB /* StageViewModel.swift */; };
		DA63ECEB256162E7009F5FDB /* StageViewModel.swift in Sources */ = {isa = PBXBuildFile; fileRef = DA63ECE6256162E7009F5FDB /* StageViewModel.swift */; };
		DA63ECF72561E1AF009F5FDB /* StageView.swift in Sources */ = {isa = PBXBuildFile; fileRef = DA63ECF12561E130009F5FDB /* StageView.swift */; };
		DA63ECFD2561E1B0009F5FDB /* StageView.swift in Sources */ = {isa = PBXBuildFile; fileRef = DA63ECF12561E130009F5FDB /* StageView.swift */; };
		DA63ED032561E1B1009F5FDB /* StageView.swift in Sources */ = {isa = PBXBuildFile; fileRef = DA63ECF12561E130009F5FDB /* StageView.swift */; };
		DA7CC6222550B2CD0095BE4A /* Formatter.swift in Sources */ = {isa = PBXBuildFile; fileRef = DA7CC6212550B2CD0095BE4A /* Formatter.swift */; };
		DA7CC6232550B2CD0095BE4A /* Formatter.swift in Sources */ = {isa = PBXBuildFile; fileRef = DA7CC6212550B2CD0095BE4A /* Formatter.swift */; };
		DAB277F0254F4D9F004F333C /* FieldView.swift in Sources */ = {isa = PBXBuildFile; fileRef = DAB277EF254F4D9F004F333C /* FieldView.swift */; };
		DAB277F1254F4D9F004F333C /* FieldView.swift in Sources */ = {isa = PBXBuildFile; fileRef = DAB277EF254F4D9F004F333C /* FieldView.swift */; };
		DAB277FE254F552C004F333C /* Ingredient.swift in Sources */ = {isa = PBXBuildFile; fileRef = DAB277FD254F552C004F333C /* Ingredient.swift */; };
		DAB277FF254F552C004F333C /* Ingredient.swift in Sources */ = {isa = PBXBuildFile; fileRef = DAB277FD254F552C004F333C /* Ingredient.swift */; };
		DAB27805254F59BB004F333C /* IngredientViewModel.swift in Sources */ = {isa = PBXBuildFile; fileRef = DAB27804254F59BB004F333C /* IngredientViewModel.swift */; };
		DAB27806254F59BB004F333C /* IngredientViewModel.swift in Sources */ = {isa = PBXBuildFile; fileRef = DAB27804254F59BB004F333C /* IngredientViewModel.swift */; };
		DAB27818254F7BB0004F333C /* IngredientView.swift in Sources */ = {isa = PBXBuildFile; fileRef = DAB27813254F7979004F333C /* IngredientView.swift */; };
		DAB2781D254F7BB1004F333C /* IngredientView.swift in Sources */ = {isa = PBXBuildFile; fileRef = DAB27813254F7979004F333C /* IngredientView.swift */; };
		DAB8DC4D2546256E00AD4F03 /* Alamofire in Frameworks */ = {isa = PBXBuildFile; productRef = DAB8DC4C2546256E00AD4F03 /* Alamofire */; };
		DAB8DC542546263C00AD4F03 /* Alamofire in Frameworks */ = {isa = PBXBuildFile; productRef = DAB8DC532546263C00AD4F03 /* Alamofire */; };
		DAB8DC5725462B7A00AD4F03 /* Recipe.swift in Sources */ = {isa = PBXBuildFile; fileRef = DAB8DC5625462B7A00AD4F03 /* Recipe.swift */; };
		DAB8DC5825462B7A00AD4F03 /* Recipe.swift in Sources */ = {isa = PBXBuildFile; fileRef = DAB8DC5625462B7A00AD4F03 /* Recipe.swift */; };
		DAB8DC5925462B7A00AD4F03 /* Recipe.swift in Sources */ = {isa = PBXBuildFile; fileRef = DAB8DC5625462B7A00AD4F03 /* Recipe.swift */; };
		DAB8DC5A25462B7A00AD4F03 /* Recipe.swift in Sources */ = {isa = PBXBuildFile; fileRef = DAB8DC5625462B7A00AD4F03 /* Recipe.swift */; };
		DAB8DC6525462F5D00AD4F03 /* RecipeViewModel.swift in Sources */ = {isa = PBXBuildFile; fileRef = DAB8DC6425462F5D00AD4F03 /* RecipeViewModel.swift */; };
		DAB8DC6625462F5D00AD4F03 /* RecipeViewModel.swift in Sources */ = {isa = PBXBuildFile; fileRef = DAB8DC6425462F5D00AD4F03 /* RecipeViewModel.swift */; };
		DAB8DC6725462F5D00AD4F03 /* RecipeViewModel.swift in Sources */ = {isa = PBXBuildFile; fileRef = DAB8DC6425462F5D00AD4F03 /* RecipeViewModel.swift */; };
		DAB8DC6825462F5D00AD4F03 /* RecipeViewModel.swift in Sources */ = {isa = PBXBuildFile; fileRef = DAB8DC6425462F5D00AD4F03 /* RecipeViewModel.swift */; };
		DAB8DC72254630BA00AD4F03 /* DataProvider.swift in Sources */ = {isa = PBXBuildFile; fileRef = DAB8DC71254630BA00AD4F03 /* DataProvider.swift */; };
		DAB8DC73254630BA00AD4F03 /* DataProvider.swift in Sources */ = {isa = PBXBuildFile; fileRef = DAB8DC71254630BA00AD4F03 /* DataProvider.swift */; };
		DAB8DC74254630BA00AD4F03 /* DataProvider.swift in Sources */ = {isa = PBXBuildFile; fileRef = DAB8DC71254630BA00AD4F03 /* DataProvider.swift */; };
		DAB8DC75254630BA00AD4F03 /* DataProvider.swift in Sources */ = {isa = PBXBuildFile; fileRef = DAB8DC71254630BA00AD4F03 /* DataProvider.swift */; };
		DAB8DC7B2546310400AD4F03 /* RecipeAPI.swift in Sources */ = {isa = PBXBuildFile; fileRef = DAB8DC7A2546310400AD4F03 /* RecipeAPI.swift */; };
		DAB8DC7C2546310400AD4F03 /* RecipeAPI.swift in Sources */ = {isa = PBXBuildFile; fileRef = DAB8DC7A2546310400AD4F03 /* RecipeAPI.swift */; };
		DAB8DC7D2546310400AD4F03 /* RecipeAPI.swift in Sources */ = {isa = PBXBuildFile; fileRef = DAB8DC7A2546310400AD4F03 /* RecipeAPI.swift */; };
		DAB8DC7E2546310400AD4F03 /* RecipeAPI.swift in Sources */ = {isa = PBXBuildFile; fileRef = DAB8DC7A2546310400AD4F03 /* RecipeAPI.swift */; };
		DAB8DC842546349B00AD4F03 /* RecipeDataProvider.swift in Sources */ = {isa = PBXBuildFile; fileRef = DAB8DC832546349B00AD4F03 /* RecipeDataProvider.swift */; };
		DAB8DC852546349B00AD4F03 /* RecipeDataProvider.swift in Sources */ = {isa = PBXBuildFile; fileRef = DAB8DC832546349B00AD4F03 /* RecipeDataProvider.swift */; };
		DAB8DC862546349B00AD4F03 /* RecipeDataProvider.swift in Sources */ = {isa = PBXBuildFile; fileRef = DAB8DC832546349B00AD4F03 /* RecipeDataProvider.swift */; };
		DAB8DC872546349B00AD4F03 /* RecipeDataProvider.swift in Sources */ = {isa = PBXBuildFile; fileRef = DAB8DC832546349B00AD4F03 /* RecipeDataProvider.swift */; };
		DAB8DC922546F10200AD4F03 /* ApiConfiguration.swift in Sources */ = {isa = PBXBuildFile; fileRef = DAB8DC912546F10200AD4F03 /* ApiConfiguration.swift */; };
		DAB8DC932546F10200AD4F03 /* ApiConfiguration.swift in Sources */ = {isa = PBXBuildFile; fileRef = DAB8DC912546F10200AD4F03 /* ApiConfiguration.swift */; };
		DAB8DC942546F10200AD4F03 /* ApiConfiguration.swift in Sources */ = {isa = PBXBuildFile; fileRef = DAB8DC912546F10200AD4F03 /* ApiConfiguration.swift */; };
		DAB8DC952546F10200AD4F03 /* ApiConfiguration.swift in Sources */ = {isa = PBXBuildFile; fileRef = DAB8DC912546F10200AD4F03 /* ApiConfiguration.swift */; };
		DAB91C72255206310034089C /* RecipeSheet.swift in Sources */ = {isa = PBXBuildFile; fileRef = DAB91C71255206310034089C /* RecipeSheet.swift */; };
		DAB91C73255206310034089C /* RecipeSheet.swift in Sources */ = {isa = PBXBuildFile; fileRef = DAB91C71255206310034089C /* RecipeSheet.swift */; };
		DAB91CCB255208DF0034089C /* ContentView.swift in Sources */ = {isa = PBXBuildFile; fileRef = DAB91CCA255208DF0034089C /* ContentView.swift */; };
		DAB91CD0255208E10034089C /* Preview Assets.xcassets in Resources */ = {isa = PBXBuildFile; fileRef = DAB91CCF255208E10034089C /* Preview Assets.xcassets */; };
		DAB91CF325520F010034089C /* CraftbeerApp.swift in Sources */ = {isa = PBXBuildFile; fileRef = DADED2F7254317A600EB8BB0 /* CraftbeerApp.swift */; };
		DAB91CF925520F400034089C /* Formatter.swift in Sources */ = {isa = PBXBuildFile; fileRef = DA7CC6212550B2CD0095BE4A /* Formatter.swift */; };
		DAB91CFF25520F450034089C /* RecipeSheet.swift in Sources */ = {isa = PBXBuildFile; fileRef = DAB91C71255206310034089C /* RecipeSheet.swift */; };
		DAB91D0025520F450034089C /* RecipeView.swift in Sources */ = {isa = PBXBuildFile; fileRef = DAD437CA254A074D00CEA901 /* RecipeView.swift */; };
		DAB91D0125520F450034089C /* IngredientView.swift in Sources */ = {isa = PBXBuildFile; fileRef = DAB27813254F7979004F333C /* IngredientView.swift */; };
		DAB91D0325520F450034089C /* FieldView.swift in Sources */ = {isa = PBXBuildFile; fileRef = DAB277EF254F4D9F004F333C /* FieldView.swift */; };
		DAB91D0925520F4D0034089C /* RecipeViewModel.swift in Sources */ = {isa = PBXBuildFile; fileRef = DAB8DC6425462F5D00AD4F03 /* RecipeViewModel.swift */; };
		DAB91D0A25520F4D0034089C /* IngredientViewModel.swift in Sources */ = {isa = PBXBuildFile; fileRef = DAB27804254F59BB004F333C /* IngredientViewModel.swift */; };
		DAB91D1025520F570034089C /* Ingredient.swift in Sources */ = {isa = PBXBuildFile; fileRef = DAB277FD254F552C004F333C /* Ingredient.swift */; };
		DAB91D1125520F570034089C /* RecipeDataProvider.swift in Sources */ = {isa = PBXBuildFile; fileRef = DAB8DC832546349B00AD4F03 /* RecipeDataProvider.swift */; };
		DAB91D1225520F570034089C /* ApiConfiguration.swift in Sources */ = {isa = PBXBuildFile; fileRef = DAB8DC912546F10200AD4F03 /* ApiConfiguration.swift */; };
		DAB91D1325520F570034089C /* DataProvider.swift in Sources */ = {isa = PBXBuildFile; fileRef = DAB8DC71254630BA00AD4F03 /* DataProvider.swift */; };
		DAB91D1425520F570034089C /* Recipe.swift in Sources */ = {isa = PBXBuildFile; fileRef = DAB8DC5625462B7A00AD4F03 /* Recipe.swift */; };
		DAB91D1525520F570034089C /* RecipeAPI.swift in Sources */ = {isa = PBXBuildFile; fileRef = DAB8DC7A2546310400AD4F03 /* RecipeAPI.swift */; };
		DAB91D2525520F9C0034089C /* Persistence.swift in Sources */ = {isa = PBXBuildFile; fileRef = DADED2F9254317A600EB8BB0 /* Persistence.swift */; };
		DAB91D2B25520FA00034089C /* Craftbeer.xcdatamodeld in Sources */ = {isa = PBXBuildFile; fileRef = DADED2F5254317A600EB8BB0 /* Craftbeer.xcdatamodeld */; };
		DAB91D3225520FD20034089C /* Alamofire in Frameworks */ = {isa = PBXBuildFile; productRef = DAB91D3125520FD20034089C /* Alamofire */; };
		DAB91D3E255210B00034089C /* Assets.xcassets in Resources */ = {isa = PBXBuildFile; fileRef = DADED2FA254317A700EB8BB0 /* Assets.xcassets */; };
		DAB91D65255214060034089C /* RecipeViewDetail.swift in Sources */ = {isa = PBXBuildFile; fileRef = DAB91D64255214050034089C /* RecipeViewDetail.swift */; };
		DAC3594A257D284E00197BA9 /* IngredientSheet.swift in Sources */ = {isa = PBXBuildFile; fileRef = DAC35949257D284E00197BA9 /* IngredientSheet.swift */; };
		DAC3594B257D284E00197BA9 /* IngredientSheet.swift in Sources */ = {isa = PBXBuildFile; fileRef = DAC35949257D284E00197BA9 /* IngredientSheet.swift */; };
		DAC3594C257D284E00197BA9 /* IngredientSheet.swift in Sources */ = {isa = PBXBuildFile; fileRef = DAC35949257D284E00197BA9 /* IngredientSheet.swift */; };
		DAC35959257D3AEF00197BA9 /* StageSheet.swift in Sources */ = {isa = PBXBuildFile; fileRef = DAC35958257D3A9800197BA9 /* StageSheet.swift */; };
		DAC3595F257D3AF000197BA9 /* StageSheet.swift in Sources */ = {isa = PBXBuildFile; fileRef = DAC35958257D3A9800197BA9 /* StageSheet.swift */; };
		DAC35965257D3AF300197BA9 /* StageSheet.swift in Sources */ = {isa = PBXBuildFile; fileRef = DAC35958257D3A9800197BA9 /* StageSheet.swift */; };
		DAC94B342664433900BE3AD2 /* IngredientDataProvider.swift in Sources */ = {isa = PBXBuildFile; fileRef = DAC94B332664433900BE3AD2 /* IngredientDataProvider.swift */; };
		DAC94B352664433900BE3AD2 /* IngredientDataProvider.swift in Sources */ = {isa = PBXBuildFile; fileRef = DAC94B332664433900BE3AD2 /* IngredientDataProvider.swift */; };
		DAC94B362664433900BE3AD2 /* IngredientDataProvider.swift in Sources */ = {isa = PBXBuildFile; fileRef = DAC94B332664433900BE3AD2 /* IngredientDataProvider.swift */; };
		DAC94B372664433900BE3AD2 /* IngredientDataProvider.swift in Sources */ = {isa = PBXBuildFile; fileRef = DAC94B332664433900BE3AD2 /* IngredientDataProvider.swift */; };
		DAC94B382664433900BE3AD2 /* IngredientDataProvider.swift in Sources */ = {isa = PBXBuildFile; fileRef = DAC94B332664433900BE3AD2 /* IngredientDataProvider.swift */; };
		DAC94B3A2664466E00BE3AD2 /* StageDataProvider.swift in Sources */ = {isa = PBXBuildFile; fileRef = DAC94B392664466E00BE3AD2 /* StageDataProvider.swift */; };
		DAC94B3B2664466E00BE3AD2 /* StageDataProvider.swift in Sources */ = {isa = PBXBuildFile; fileRef = DAC94B392664466E00BE3AD2 /* StageDataProvider.swift */; };
		DAC94B3C2664466E00BE3AD2 /* StageDataProvider.swift in Sources */ = {isa = PBXBuildFile; fileRef = DAC94B392664466E00BE3AD2 /* StageDataProvider.swift */; };
		DAC94B3D2664466E00BE3AD2 /* StageDataProvider.swift in Sources */ = {isa = PBXBuildFile; fileRef = DAC94B392664466E00BE3AD2 /* StageDataProvider.swift */; };
		DAC94B3E2664466E00BE3AD2 /* StageDataProvider.swift in Sources */ = {isa = PBXBuildFile; fileRef = DAC94B392664466E00BE3AD2 /* StageDataProvider.swift */; };
		DAC94B45266586E900BE3AD2 /* RecipeViewDetail.swift in Sources */ = {isa = PBXBuildFile; fileRef = DAC94B40266586E900BE3AD2 /* RecipeViewDetail.swift */; };
		DAC94B4726666AE500BE3AD2 /* BottomSheetView.swift in Sources */ = {isa = PBXBuildFile; fileRef = DAC94B4626666AE500BE3AD2 /* BottomSheetView.swift */; };
		DAC94B4826666AE500BE3AD2 /* BottomSheetView.swift in Sources */ = {isa = PBXBuildFile; fileRef = DAC94B4626666AE500BE3AD2 /* BottomSheetView.swift */; };
		DAC94B4926666AE500BE3AD2 /* BottomSheetView.swift in Sources */ = {isa = PBXBuildFile; fileRef = DAC94B4626666AE500BE3AD2 /* BottomSheetView.swift */; };
		DAC94B4A26666AE500BE3AD2 /* BottomSheetView.swift in Sources */ = {isa = PBXBuildFile; fileRef = DAC94B4626666AE500BE3AD2 /* BottomSheetView.swift */; };
		DAC94B4B26666AE500BE3AD2 /* BottomSheetView.swift in Sources */ = {isa = PBXBuildFile; fileRef = DAC94B4626666AE500BE3AD2 /* BottomSheetView.swift */; };
		DAC9C6B8265B219300AA4D26 /* PopupView in Frameworks */ = {isa = PBXBuildFile; productRef = DAC9C6B7265B219300AA4D26 /* PopupView */; };
		DACA0DC526571CFB00511337 /* Images.xcassets in Resources */ = {isa = PBXBuildFile; fileRef = DACA0DC426571CFB00511337 /* Images.xcassets */; };
		DAD437CB254A074D00CEA901 /* RecipeView.swift in Sources */ = {isa = PBXBuildFile; fileRef = DAD437CA254A074D00CEA901 /* RecipeView.swift */; };
		DAD437CC254A074D00CEA901 /* RecipeView.swift in Sources */ = {isa = PBXBuildFile; fileRef = DAD437CA254A074D00CEA901 /* RecipeView.swift */; };
		DAD437D2254A196E00CEA901 /* RecipeViewDetail.swift in Sources */ = {isa = PBXBuildFile; fileRef = DAD437D1254A196E00CEA901 /* RecipeViewDetail.swift */; };
		DADED314254317A700EB8BB0 /* Tests_iOS.swift in Sources */ = {isa = PBXBuildFile; fileRef = DADED313254317A700EB8BB0 /* Tests_iOS.swift */; };
		DADED31F254317A700EB8BB0 /* Tests_macOS.swift in Sources */ = {isa = PBXBuildFile; fileRef = DADED31E254317A700EB8BB0 /* Tests_macOS.swift */; };
		DADED321254317A700EB8BB0 /* Craftbeer.xcdatamodeld in Sources */ = {isa = PBXBuildFile; fileRef = DADED2F5254317A600EB8BB0 /* Craftbeer.xcdatamodeld */; };
		DADED322254317A700EB8BB0 /* Craftbeer.xcdatamodeld in Sources */ = {isa = PBXBuildFile; fileRef = DADED2F5254317A600EB8BB0 /* Craftbeer.xcdatamodeld */; };
		DADED323254317A700EB8BB0 /* CraftbeerApp.swift in Sources */ = {isa = PBXBuildFile; fileRef = DADED2F7254317A600EB8BB0 /* CraftbeerApp.swift */; };
		DADED324254317A700EB8BB0 /* CraftbeerApp.swift in Sources */ = {isa = PBXBuildFile; fileRef = DADED2F7254317A600EB8BB0 /* CraftbeerApp.swift */; };
		DADED326254317A700EB8BB0 /* ContentView.swift in Sources */ = {isa = PBXBuildFile; fileRef = DADED2F8254317A600EB8BB0 /* ContentView.swift */; };
		DADED327254317A700EB8BB0 /* Persistence.swift in Sources */ = {isa = PBXBuildFile; fileRef = DADED2F9254317A600EB8BB0 /* Persistence.swift */; };
		DADED328254317A700EB8BB0 /* Persistence.swift in Sources */ = {isa = PBXBuildFile; fileRef = DADED2F9254317A600EB8BB0 /* Persistence.swift */; };
		DADED329254317A700EB8BB0 /* Assets.xcassets in Resources */ = {isa = PBXBuildFile; fileRef = DADED2FA254317A700EB8BB0 /* Assets.xcassets */; };
		DADED32A254317A700EB8BB0 /* Assets.xcassets in Resources */ = {isa = PBXBuildFile; fileRef = DADED2FA254317A700EB8BB0 /* Assets.xcassets */; };
		DADED33F2543525500EB8BB0 /* ContentView.swift in Sources */ = {isa = PBXBuildFile; fileRef = DADED33E2543524000EB8BB0 /* ContentView.swift */; };
/* End PBXBuildFile section */

/* Begin PBXContainerItemProxy section */
		DADED310254317A700EB8BB0 /* PBXContainerItemProxy */ = {
			isa = PBXContainerItemProxy;
			containerPortal = DADED2F0254317A600EB8BB0 /* Project object */;
			proxyType = 1;
			remoteGlobalIDString = DADED2FE254317A700EB8BB0;
			remoteInfo = "Craftbeer (iOS)";
		};
		DADED31B254317A700EB8BB0 /* PBXContainerItemProxy */ = {
			isa = PBXContainerItemProxy;
			containerPortal = DADED2F0254317A600EB8BB0 /* Project object */;
			proxyType = 1;
			remoteGlobalIDString = DADED306254317A700EB8BB0;
			remoteInfo = "Craftbeer (macOS)";
		};
/* End PBXContainerItemProxy section */

/* Begin PBXFileReference section */
		DA63ECDB25616252009F5FDB /* Stage.swift */ = {isa = PBXFileReference; lastKnownFileType = sourcecode.swift; path = Stage.swift; sourceTree = "<group>"; };
		DA63ECE6256162E7009F5FDB /* StageViewModel.swift */ = {isa = PBXFileReference; lastKnownFileType = sourcecode.swift; path = StageViewModel.swift; sourceTree = "<group>"; };
		DA63ECF12561E130009F5FDB /* StageView.swift */ = {isa = PBXFileReference; lastKnownFileType = sourcecode.swift; path = StageView.swift; sourceTree = "<group>"; };
		DA7CC6212550B2CD0095BE4A /* Formatter.swift */ = {isa = PBXFileReference; lastKnownFileType = sourcecode.swift; path = Formatter.swift; sourceTree = "<group>"; };
		DAB277EF254F4D9F004F333C /* FieldView.swift */ = {isa = PBXFileReference; lastKnownFileType = sourcecode.swift; path = FieldView.swift; sourceTree = "<group>"; };
		DAB277FD254F552C004F333C /* Ingredient.swift */ = {isa = PBXFileReference; lastKnownFileType = sourcecode.swift; path = Ingredient.swift; sourceTree = "<group>"; };
		DAB27804254F59BB004F333C /* IngredientViewModel.swift */ = {isa = PBXFileReference; lastKnownFileType = sourcecode.swift; path = IngredientViewModel.swift; sourceTree = "<group>"; };
		DAB27813254F7979004F333C /* IngredientView.swift */ = {isa = PBXFileReference; lastKnownFileType = sourcecode.swift; path = IngredientView.swift; sourceTree = "<group>"; };
		DAB8DC5625462B7A00AD4F03 /* Recipe.swift */ = {isa = PBXFileReference; lastKnownFileType = sourcecode.swift; path = Recipe.swift; sourceTree = "<group>"; };
		DAB8DC6425462F5D00AD4F03 /* RecipeViewModel.swift */ = {isa = PBXFileReference; lastKnownFileType = sourcecode.swift; path = RecipeViewModel.swift; sourceTree = "<group>"; };
		DAB8DC71254630BA00AD4F03 /* DataProvider.swift */ = {isa = PBXFileReference; lastKnownFileType = sourcecode.swift; path = DataProvider.swift; sourceTree = "<group>"; };
		DAB8DC7A2546310400AD4F03 /* RecipeAPI.swift */ = {isa = PBXFileReference; lastKnownFileType = sourcecode.swift; path = RecipeAPI.swift; sourceTree = "<group>"; };
		DAB8DC832546349B00AD4F03 /* RecipeDataProvider.swift */ = {isa = PBXFileReference; lastKnownFileType = sourcecode.swift; path = RecipeDataProvider.swift; sourceTree = "<group>"; };
		DAB8DC912546F10200AD4F03 /* ApiConfiguration.swift */ = {isa = PBXFileReference; lastKnownFileType = sourcecode.swift; path = ApiConfiguration.swift; sourceTree = "<group>"; };
		DAB91C71255206310034089C /* RecipeSheet.swift */ = {isa = PBXFileReference; lastKnownFileType = sourcecode.swift; path = RecipeSheet.swift; sourceTree = "<group>"; };
		DAB91C95255208830034089C /* CraftbeerTests.swift */ = {isa = PBXFileReference; lastKnownFileType = sourcecode.swift; path = CraftbeerTests.swift; sourceTree = "<group>"; };
		DAB91C97255208830034089C /* Info.plist */ = {isa = PBXFileReference; lastKnownFileType = text.plist.xml; path = Info.plist; sourceTree = "<group>"; };
		DAB91CA0255208830034089C /* CraftbeerUITests.swift */ = {isa = PBXFileReference; lastKnownFileType = sourcecode.swift; path = CraftbeerUITests.swift; sourceTree = "<group>"; };
		DAB91CA2255208830034089C /* Info.plist */ = {isa = PBXFileReference; lastKnownFileType = text.plist.xml; path = Info.plist; sourceTree = "<group>"; };
		DAB91CC6255208DF0034089C /* Craftbeer (tvOS).app */ = {isa = PBXFileReference; explicitFileType = wrapper.application; includeInIndex = 0; path = "Craftbeer (tvOS).app"; sourceTree = BUILT_PRODUCTS_DIR; };
		DAB91CCA255208DF0034089C /* ContentView.swift */ = {isa = PBXFileReference; lastKnownFileType = sourcecode.swift; path = ContentView.swift; sourceTree = "<group>"; };
		DAB91CCF255208E10034089C /* Preview Assets.xcassets */ = {isa = PBXFileReference; lastKnownFileType = folder.assetcatalog; path = "Preview Assets.xcassets"; sourceTree = "<group>"; };
		DAB91CD6255208E10034089C /* Info.plist */ = {isa = PBXFileReference; lastKnownFileType = text.plist.xml; path = Info.plist; sourceTree = "<group>"; };
		DAB91D64255214050034089C /* RecipeViewDetail.swift */ = {isa = PBXFileReference; lastKnownFileType = sourcecode.swift; path = RecipeViewDetail.swift; sourceTree = "<group>"; };
		DAC35949257D284E00197BA9 /* IngredientSheet.swift */ = {isa = PBXFileReference; lastKnownFileType = sourcecode.swift; path = IngredientSheet.swift; sourceTree = "<group>"; };
		DAC35958257D3A9800197BA9 /* StageSheet.swift */ = {isa = PBXFileReference; lastKnownFileType = sourcecode.swift; path = StageSheet.swift; sourceTree = "<group>"; };
		DAC94B332664433900BE3AD2 /* IngredientDataProvider.swift */ = {isa = PBXFileReference; lastKnownFileType = sourcecode.swift; path = IngredientDataProvider.swift; sourceTree = "<group>"; };
		DAC94B392664466E00BE3AD2 /* StageDataProvider.swift */ = {isa = PBXFileReference; lastKnownFileType = sourcecode.swift; path = StageDataProvider.swift; sourceTree = "<group>"; };
		DAC94B40266586E900BE3AD2 /* RecipeViewDetail.swift */ = {isa = PBXFileReference; lastKnownFileType = sourcecode.swift; path = RecipeViewDetail.swift; sourceTree = "<group>"; };
		DAC94B4626666AE500BE3AD2 /* BottomSheetView.swift */ = {isa = PBXFileReference; lastKnownFileType = sourcecode.swift; path = BottomSheetView.swift; sourceTree = "<group>"; };
		DACA0DC426571CFB00511337 /* Images.xcassets */ = {isa = PBXFileReference; lastKnownFileType = folder.assetcatalog; path = Images.xcassets; sourceTree = "<group>"; };
		DAD437CA254A074D00CEA901 /* RecipeView.swift */ = {isa = PBXFileReference; lastKnownFileType = sourcecode.swift; path = RecipeView.swift; sourceTree = "<group>"; };
		DAD437D1254A196E00CEA901 /* RecipeViewDetail.swift */ = {isa = PBXFileReference; lastKnownFileType = sourcecode.swift; path = RecipeViewDetail.swift; sourceTree = "<group>"; };
		DADED2F6254317A600EB8BB0 /* Shared.xcdatamodel */ = {isa = PBXFileReference; lastKnownFileType = wrapper.xcdatamodel; path = Shared.xcdatamodel; sourceTree = "<group>"; };
		DADED2F7254317A600EB8BB0 /* CraftbeerApp.swift */ = {isa = PBXFileReference; lastKnownFileType = sourcecode.swift; path = CraftbeerApp.swift; sourceTree = "<group>"; };
		DADED2F8254317A600EB8BB0 /* ContentView.swift */ = {isa = PBXFileReference; lastKnownFileType = sourcecode.swift; path = ContentView.swift; sourceTree = "<group>"; };
		DADED2F9254317A600EB8BB0 /* Persistence.swift */ = {isa = PBXFileReference; lastKnownFileType = sourcecode.swift; path = Persistence.swift; sourceTree = "<group>"; };
		DADED2FA254317A700EB8BB0 /* Assets.xcassets */ = {isa = PBXFileReference; lastKnownFileType = folder.assetcatalog; path = Assets.xcassets; sourceTree = "<group>"; };
		DADED2FF254317A700EB8BB0 /* Craftbeer.app */ = {isa = PBXFileReference; explicitFileType = wrapper.application; includeInIndex = 0; path = Craftbeer.app; sourceTree = BUILT_PRODUCTS_DIR; };
		DADED302254317A700EB8BB0 /* Info.plist */ = {isa = PBXFileReference; lastKnownFileType = text.plist.xml; path = Info.plist; sourceTree = "<group>"; };
		DADED307254317A700EB8BB0 /* Craftbeer.app */ = {isa = PBXFileReference; explicitFileType = wrapper.application; includeInIndex = 0; path = Craftbeer.app; sourceTree = BUILT_PRODUCTS_DIR; };
		DADED309254317A700EB8BB0 /* Info.plist */ = {isa = PBXFileReference; lastKnownFileType = text.plist.xml; path = Info.plist; sourceTree = "<group>"; };
		DADED30A254317A700EB8BB0 /* macOS.entitlements */ = {isa = PBXFileReference; lastKnownFileType = text.plist.entitlements; path = macOS.entitlements; sourceTree = "<group>"; };
		DADED30F254317A700EB8BB0 /* Tests iOS.xctest */ = {isa = PBXFileReference; explicitFileType = wrapper.cfbundle; includeInIndex = 0; path = "Tests iOS.xctest"; sourceTree = BUILT_PRODUCTS_DIR; };
		DADED313254317A700EB8BB0 /* Tests_iOS.swift */ = {isa = PBXFileReference; lastKnownFileType = sourcecode.swift; path = Tests_iOS.swift; sourceTree = "<group>"; };
		DADED315254317A700EB8BB0 /* Info.plist */ = {isa = PBXFileReference; lastKnownFileType = text.plist.xml; path = Info.plist; sourceTree = "<group>"; };
		DADED31A254317A700EB8BB0 /* Tests macOS.xctest */ = {isa = PBXFileReference; explicitFileType = wrapper.cfbundle; includeInIndex = 0; path = "Tests macOS.xctest"; sourceTree = BUILT_PRODUCTS_DIR; };
		DADED31E254317A700EB8BB0 /* Tests_macOS.swift */ = {isa = PBXFileReference; lastKnownFileType = sourcecode.swift; path = Tests_macOS.swift; sourceTree = "<group>"; };
		DADED320254317A700EB8BB0 /* Info.plist */ = {isa = PBXFileReference; lastKnownFileType = text.plist.xml; path = Info.plist; sourceTree = "<group>"; };
		DADED33E2543524000EB8BB0 /* ContentView.swift */ = {isa = PBXFileReference; lastKnownFileType = sourcecode.swift; path = ContentView.swift; sourceTree = "<group>"; };
/* End PBXFileReference section */

/* Begin PBXFrameworksBuildPhase section */
		DAB91CC3255208DF0034089C /* Frameworks */ = {
			isa = PBXFrameworksBuildPhase;
			buildActionMask = 2147483647;
			files = (
				DAB91D3225520FD20034089C /* Alamofire in Frameworks */,
			);
			runOnlyForDeploymentPostprocessing = 0;
		};
		DADED2FC254317A700EB8BB0 /* Frameworks */ = {
			isa = PBXFrameworksBuildPhase;
			buildActionMask = 2147483647;
			files = (
				DAC9C6B8265B219300AA4D26 /* PopupView in Frameworks */,
				DAB8DC542546263C00AD4F03 /* Alamofire in Frameworks */,
			);
			runOnlyForDeploymentPostprocessing = 0;
		};
		DADED304254317A700EB8BB0 /* Frameworks */ = {
			isa = PBXFrameworksBuildPhase;
			buildActionMask = 2147483647;
			files = (
				DAB8DC4D2546256E00AD4F03 /* Alamofire in Frameworks */,
			);
			runOnlyForDeploymentPostprocessing = 0;
		};
		DADED30C254317A700EB8BB0 /* Frameworks */ = {
			isa = PBXFrameworksBuildPhase;
			buildActionMask = 2147483647;
			files = (
			);
			runOnlyForDeploymentPostprocessing = 0;
		};
		DADED317254317A700EB8BB0 /* Frameworks */ = {
			isa = PBXFrameworksBuildPhase;
			buildActionMask = 2147483647;
			files = (
			);
			runOnlyForDeploymentPostprocessing = 0;
		};
/* End PBXFrameworksBuildPhase section */

/* Begin PBXGroup section */
		DA7CC6202550B2A80095BE4A /* Misc */ = {
			isa = PBXGroup;
			children = (
				DA7CC6212550B2CD0095BE4A /* Formatter.swift */,
			);
			path = Misc;
			sourceTree = "<group>";
		};
		DAB8DC522546263C00AD4F03 /* Frameworks */ = {
			isa = PBXGroup;
			children = (
			);
			name = Frameworks;
			sourceTree = "<group>";
		};
		DAB8DC552546275200AD4F03 /* Network */ = {
			isa = PBXGroup;
			children = (
				DAB277FD254F552C004F333C /* Ingredient.swift */,
				DAB8DC5625462B7A00AD4F03 /* Recipe.swift */,
				DAB8DC71254630BA00AD4F03 /* DataProvider.swift */,
				DAB8DC7A2546310400AD4F03 /* RecipeAPI.swift */,
				DAB8DC832546349B00AD4F03 /* RecipeDataProvider.swift */,
				DAB8DC912546F10200AD4F03 /* ApiConfiguration.swift */,
				DA63ECDB25616252009F5FDB /* Stage.swift */,
				DAC94B332664433900BE3AD2 /* IngredientDataProvider.swift */,
				DAC94B392664466E00BE3AD2 /* StageDataProvider.swift */,
			);
			path = Network;
			sourceTree = "<group>";
		};
		DAB8DC6325462F3D00AD4F03 /* ViewModel */ = {
			isa = PBXGroup;
			children = (
				DAB8DC6425462F5D00AD4F03 /* RecipeViewModel.swift */,
				DAB27804254F59BB004F333C /* IngredientViewModel.swift */,
				DA63ECE6256162E7009F5FDB /* StageViewModel.swift */,
			);
			path = ViewModel;
			sourceTree = "<group>";
		};
		DAB8DC8C2546386500AD4F03 /* Views */ = {
			isa = PBXGroup;
			children = (
				DAC35952257D287E00197BA9 /* Sheet */,
				DAD437CA254A074D00CEA901 /* RecipeView.swift */,
				DAB27813254F7979004F333C /* IngredientView.swift */,
				DA63ECF12561E130009F5FDB /* StageView.swift */,
				DAB277EF254F4D9F004F333C /* FieldView.swift */,
			);
			path = Views;
			sourceTree = "<group>";
		};
		DAB91C94255208830034089C /* CraftbeerTests */ = {
			isa = PBXGroup;
			children = (
				DAB91C95255208830034089C /* CraftbeerTests.swift */,
				DAB91C97255208830034089C /* Info.plist */,
			);
			path = CraftbeerTests;
			sourceTree = "<group>";
		};
		DAB91C9F255208830034089C /* CraftbeerUITests */ = {
			isa = PBXGroup;
			children = (
				DAB91CA0255208830034089C /* CraftbeerUITests.swift */,
				DAB91CA2255208830034089C /* Info.plist */,
			);
			path = CraftbeerUITests;
			sourceTree = "<group>";
		};
		DAB91CC7255208DF0034089C /* tvOS */ = {
			isa = PBXGroup;
			children = (
				DACA0DC426571CFB00511337 /* Images.xcassets */,
				DAB91CCA255208DF0034089C /* ContentView.swift */,
				DAB91CD6255208E10034089C /* Info.plist */,
				DAB91CCE255208E10034089C /* Preview Content */,
				DAC94B40266586E900BE3AD2 /* RecipeViewDetail.swift */,
			);
			path = tvOS;
			sourceTree = "<group>";
		};
		DAB91CCE255208E10034089C /* Preview Content */ = {
			isa = PBXGroup;
			children = (
				DAB91CCF255208E10034089C /* Preview Assets.xcassets */,
			);
			path = "Preview Content";
			sourceTree = "<group>";
		};
		DAC35952257D287E00197BA9 /* Sheet */ = {
			isa = PBXGroup;
			children = (
				DAB91C71255206310034089C /* RecipeSheet.swift */,
				DAC35958257D3A9800197BA9 /* StageSheet.swift */,
				DAC35949257D284E00197BA9 /* IngredientSheet.swift */,
				DAC94B4626666AE500BE3AD2 /* BottomSheetView.swift */,
			);
			path = Sheet;
			sourceTree = "<group>";
		};
		DADED2EF254317A600EB8BB0 = {
			isa = PBXGroup;
			children = (
				DADED2F4254317A600EB8BB0 /* Shared */,
				DAB91CC7255208DF0034089C /* tvOS */,
				DADED301254317A700EB8BB0 /* iOS */,
				DADED308254317A700EB8BB0 /* macOS */,
				DADED312254317A700EB8BB0 /* Tests iOS */,
				DADED31D254317A700EB8BB0 /* Tests macOS */,
				DAB91C94255208830034089C /* CraftbeerTests */,
				DAB91C9F255208830034089C /* CraftbeerUITests */,
				DADED300254317A700EB8BB0 /* Products */,
				DAB8DC522546263C00AD4F03 /* Frameworks */,
			);
			sourceTree = "<group>";
		};
		DADED2F4254317A600EB8BB0 /* Shared */ = {
			isa = PBXGroup;
			children = (
				DA7CC6202550B2A80095BE4A /* Misc */,
				DAB8DC8C2546386500AD4F03 /* Views */,
				DAB8DC6325462F3D00AD4F03 /* ViewModel */,
				DAB8DC552546275200AD4F03 /* Network */,
				DADED2F7254317A600EB8BB0 /* CraftbeerApp.swift */,
				DADED2F9254317A600EB8BB0 /* Persistence.swift */,
				DADED2FA254317A700EB8BB0 /* Assets.xcassets */,
				DADED2F5254317A600EB8BB0 /* Craftbeer.xcdatamodeld */,
			);
			path = Shared;
			sourceTree = "<group>";
		};
		DADED300254317A700EB8BB0 /* Products */ = {
			isa = PBXGroup;
			children = (
				DADED2FF254317A700EB8BB0 /* Craftbeer.app */,
				DADED307254317A700EB8BB0 /* Craftbeer.app */,
				DADED30F254317A700EB8BB0 /* Tests iOS.xctest */,
				DADED31A254317A700EB8BB0 /* Tests macOS.xctest */,
				DAB91CC6255208DF0034089C /* Craftbeer (tvOS).app */,
			);
			name = Products;
			sourceTree = "<group>";
		};
		DADED301254317A700EB8BB0 /* iOS */ = {
			isa = PBXGroup;
			children = (
				DAD437D1254A196E00CEA901 /* RecipeViewDetail.swift */,
				DADED33E2543524000EB8BB0 /* ContentView.swift */,
				DADED302254317A700EB8BB0 /* Info.plist */,
			);
			path = iOS;
			sourceTree = "<group>";
		};
		DADED308254317A700EB8BB0 /* macOS */ = {
			isa = PBXGroup;
			children = (
				DAB91D64255214050034089C /* RecipeViewDetail.swift */,
				DADED2F8254317A600EB8BB0 /* ContentView.swift */,
				DADED309254317A700EB8BB0 /* Info.plist */,
				DADED30A254317A700EB8BB0 /* macOS.entitlements */,
			);
			path = macOS;
			sourceTree = "<group>";
		};
		DADED312254317A700EB8BB0 /* Tests iOS */ = {
			isa = PBXGroup;
			children = (
				DADED313254317A700EB8BB0 /* Tests_iOS.swift */,
				DADED315254317A700EB8BB0 /* Info.plist */,
			);
			path = "Tests iOS";
			sourceTree = "<group>";
		};
		DADED31D254317A700EB8BB0 /* Tests macOS */ = {
			isa = PBXGroup;
			children = (
				DADED31E254317A700EB8BB0 /* Tests_macOS.swift */,
				DADED320254317A700EB8BB0 /* Info.plist */,
			);
			path = "Tests macOS";
			sourceTree = "<group>";
		};
/* End PBXGroup section */

/* Begin PBXNativeTarget section */
		DAB91CC5255208DF0034089C /* Craftbeer (tvOS) */ = {
			isa = PBXNativeTarget;
			buildConfigurationList = DAB91CD7255208E10034089C /* Build configuration list for PBXNativeTarget "Craftbeer (tvOS)" */;
			buildPhases = (
				DAB91CC2255208DF0034089C /* Sources */,
				DAB91CC3255208DF0034089C /* Frameworks */,
				DAB91CC4255208DF0034089C /* Resources */,
			);
			buildRules = (
			);
			dependencies = (
			);
			name = "Craftbeer (tvOS)";
			packageProductDependencies = (
				DAB91D3125520FD20034089C /* Alamofire */,
			);
			productName = Craftbeer;
			productReference = DAB91CC6255208DF0034089C /* Craftbeer (tvOS).app */;
			productType = "com.apple.product-type.application";
		};
		DADED2FE254317A700EB8BB0 /* Craftbeer (iOS) */ = {
			isa = PBXNativeTarget;
			buildConfigurationList = DADED32D254317A700EB8BB0 /* Build configuration list for PBXNativeTarget "Craftbeer (iOS)" */;
			buildPhases = (
				DADED2FB254317A700EB8BB0 /* Sources */,
				DADED2FC254317A700EB8BB0 /* Frameworks */,
				DADED2FD254317A700EB8BB0 /* Resources */,
			);
			buildRules = (
			);
			dependencies = (
			);
			name = "Craftbeer (iOS)";
			packageProductDependencies = (
				DAB8DC532546263C00AD4F03 /* Alamofire */,
				DAC9C6B7265B219300AA4D26 /* PopupView */,
			);
			productName = "Craftbeer (iOS)";
			productReference = DADED2FF254317A700EB8BB0 /* Craftbeer.app */;
			productType = "com.apple.product-type.application";
		};
		DADED306254317A700EB8BB0 /* Craftbeer (macOS) */ = {
			isa = PBXNativeTarget;
			buildConfigurationList = DADED330254317A700EB8BB0 /* Build configuration list for PBXNativeTarget "Craftbeer (macOS)" */;
			buildPhases = (
				DADED303254317A700EB8BB0 /* Sources */,
				DADED304254317A700EB8BB0 /* Frameworks */,
				DADED305254317A700EB8BB0 /* Resources */,
			);
			buildRules = (
			);
			dependencies = (
			);
			name = "Craftbeer (macOS)";
			packageProductDependencies = (
				DAB8DC4C2546256E00AD4F03 /* Alamofire */,
			);
			productName = "Craftbeer (macOS)";
			productReference = DADED307254317A700EB8BB0 /* Craftbeer.app */;
			productType = "com.apple.product-type.application";
		};
		DADED30E254317A700EB8BB0 /* Tests iOS */ = {
			isa = PBXNativeTarget;
			buildConfigurationList = DADED333254317A700EB8BB0 /* Build configuration list for PBXNativeTarget "Tests iOS" */;
			buildPhases = (
				DADED30B254317A700EB8BB0 /* Sources */,
				DADED30C254317A700EB8BB0 /* Frameworks */,
				DADED30D254317A700EB8BB0 /* Resources */,
			);
			buildRules = (
			);
			dependencies = (
				DADED311254317A700EB8BB0 /* PBXTargetDependency */,
			);
			name = "Tests iOS";
			productName = "Tests iOS";
			productReference = DADED30F254317A700EB8BB0 /* Tests iOS.xctest */;
			productType = "com.apple.product-type.bundle.ui-testing";
		};
		DADED319254317A700EB8BB0 /* Tests macOS */ = {
			isa = PBXNativeTarget;
			buildConfigurationList = DADED336254317A700EB8BB0 /* Build configuration list for PBXNativeTarget "Tests macOS" */;
			buildPhases = (
				DADED316254317A700EB8BB0 /* Sources */,
				DADED317254317A700EB8BB0 /* Frameworks */,
				DADED318254317A700EB8BB0 /* Resources */,
			);
			buildRules = (
			);
			dependencies = (
				DADED31C254317A700EB8BB0 /* PBXTargetDependency */,
			);
			name = "Tests macOS";
			productName = "Tests macOS";
			productReference = DADED31A254317A700EB8BB0 /* Tests macOS.xctest */;
			productType = "com.apple.product-type.bundle.ui-testing";
		};
/* End PBXNativeTarget section */

/* Begin PBXProject section */
		DADED2F0254317A600EB8BB0 /* Project object */ = {
			isa = PBXProject;
			attributes = {
				LastSwiftUpdateCheck = 1220;
				LastUpgradeCheck = 1250;
				TargetAttributes = {
					DAB91CC5255208DF0034089C = {
						CreatedOnToolsVersion = 12.2;
					};
					DADED2FE254317A700EB8BB0 = {
						CreatedOnToolsVersion = 12.2;
					};
					DADED306254317A700EB8BB0 = {
						CreatedOnToolsVersion = 12.2;
					};
					DADED30E254317A700EB8BB0 = {
						CreatedOnToolsVersion = 12.2;
						TestTargetID = DADED2FE254317A700EB8BB0;
					};
					DADED319254317A700EB8BB0 = {
						CreatedOnToolsVersion = 12.2;
						TestTargetID = DADED306254317A700EB8BB0;
					};
				};
			};
			buildConfigurationList = DADED2F3254317A600EB8BB0 /* Build configuration list for PBXProject "Craftbeer" */;
			compatibilityVersion = "Xcode 9.3";
			developmentRegion = en;
			hasScannedForEncodings = 0;
			knownRegions = (
				en,
				Base,
			);
			mainGroup = DADED2EF254317A600EB8BB0;
			packageReferences = (
				DAB8DC4B2546256E00AD4F03 /* XCRemoteSwiftPackageReference "Alamofire" */,
				DAC9C6B6265B219300AA4D26 /* XCRemoteSwiftPackageReference "PopupView" */,
			);
			productRefGroup = DADED300254317A700EB8BB0 /* Products */;
			projectDirPath = "";
			projectRoot = "";
			targets = (
				DADED2FE254317A700EB8BB0 /* Craftbeer (iOS) */,
				DADED306254317A700EB8BB0 /* Craftbeer (macOS) */,
				DADED30E254317A700EB8BB0 /* Tests iOS */,
				DADED319254317A700EB8BB0 /* Tests macOS */,
				DAB91CC5255208DF0034089C /* Craftbeer (tvOS) */,
			);
		};
/* End PBXProject section */

/* Begin PBXResourcesBuildPhase section */
		DAB91CC4255208DF0034089C /* Resources */ = {
			isa = PBXResourcesBuildPhase;
			buildActionMask = 2147483647;
			files = (
				DACA0DC526571CFB00511337 /* Images.xcassets in Resources */,
				DAB91CD0255208E10034089C /* Preview Assets.xcassets in Resources */,
				DAB91D3E255210B00034089C /* Assets.xcassets in Resources */,
			);
			runOnlyForDeploymentPostprocessing = 0;
		};
		DADED2FD254317A700EB8BB0 /* Resources */ = {
			isa = PBXResourcesBuildPhase;
			buildActionMask = 2147483647;
			files = (
				DADED329254317A700EB8BB0 /* Assets.xcassets in Resources */,
			);
			runOnlyForDeploymentPostprocessing = 0;
		};
		DADED305254317A700EB8BB0 /* Resources */ = {
			isa = PBXResourcesBuildPhase;
			buildActionMask = 2147483647;
			files = (
				DADED32A254317A700EB8BB0 /* Assets.xcassets in Resources */,
			);
			runOnlyForDeploymentPostprocessing = 0;
		};
		DADED30D254317A700EB8BB0 /* Resources */ = {
			isa = PBXResourcesBuildPhase;
			buildActionMask = 2147483647;
			files = (
			);
			runOnlyForDeploymentPostprocessing = 0;
		};
		DADED318254317A700EB8BB0 /* Resources */ = {
			isa = PBXResourcesBuildPhase;
			buildActionMask = 2147483647;
			files = (
			);
			runOnlyForDeploymentPostprocessing = 0;
		};
/* End PBXResourcesBuildPhase section */

/* Begin PBXSourcesBuildPhase section */
		DAB91CC2255208DF0034089C /* Sources */ = {
			isa = PBXSourcesBuildPhase;
			buildActionMask = 2147483647;
			files = (
				DAB91D1125520F570034089C /* RecipeDataProvider.swift in Sources */,
				DAB91CF325520F010034089C /* CraftbeerApp.swift in Sources */,
				DAB91D2525520F9C0034089C /* Persistence.swift in Sources */,
				DA63ECEB256162E7009F5FDB /* StageViewModel.swift in Sources */,
				DAB91D1325520F570034089C /* DataProvider.swift in Sources */,
				DAC94B382664433900BE3AD2 /* IngredientDataProvider.swift in Sources */,
				DAB91D1025520F570034089C /* Ingredient.swift in Sources */,
				DAB91CFF25520F450034089C /* RecipeSheet.swift in Sources */,
				DAC94B45266586E900BE3AD2 /* RecipeViewDetail.swift in Sources */,
				DAB91D1425520F570034089C /* Recipe.swift in Sources */,
				DAB91D0125520F450034089C /* IngredientView.swift in Sources */,
				DAC3594C257D284E00197BA9 /* IngredientSheet.swift in Sources */,
				DA63ECE025616252009F5FDB /* Stage.swift in Sources */,
				DAB91D2B25520FA00034089C /* Craftbeer.xcdatamodeld in Sources */,
				DAB91D1525520F570034089C /* RecipeAPI.swift in Sources */,
				DAC94B3E2664466E00BE3AD2 /* StageDataProvider.swift in Sources */,
				DAB91D0025520F450034089C /* RecipeView.swift in Sources */,
				DA63ED032561E1B1009F5FDB /* StageView.swift in Sources */,
				DAB91D1225520F570034089C /* ApiConfiguration.swift in Sources */,
				DAB91D0925520F4D0034089C /* RecipeViewModel.swift in Sources */,
				DAB91CF925520F400034089C /* Formatter.swift in Sources */,
				DAC94B4B26666AE500BE3AD2 /* BottomSheetView.swift in Sources */,
				DAB91D0A25520F4D0034089C /* IngredientViewModel.swift in Sources */,
				DAB91CCB255208DF0034089C /* ContentView.swift in Sources */,
				DAB91D0325520F450034089C /* FieldView.swift in Sources */,
				DAC35965257D3AF300197BA9 /* StageSheet.swift in Sources */,
			);
			runOnlyForDeploymentPostprocessing = 0;
		};
		DADED2FB254317A700EB8BB0 /* Sources */ = {
			isa = PBXSourcesBuildPhase;
			buildActionMask = 2147483647;
			files = (
				DAB8DC842546349B00AD4F03 /* RecipeDataProvider.swift in Sources */,
				DADED323254317A700EB8BB0 /* CraftbeerApp.swift in Sources */,
				DAB277FE254F552C004F333C /* Ingredient.swift in Sources */,
				DA63ECE7256162E7009F5FDB /* StageViewModel.swift in Sources */,
				DAB27818254F7BB0004F333C /* IngredientView.swift in Sources */,
				DAC94B342664433900BE3AD2 /* IngredientDataProvider.swift in Sources */,
				DADED33F2543525500EB8BB0 /* ContentView.swift in Sources */,
				DAB8DC922546F10200AD4F03 /* ApiConfiguration.swift in Sources */,
				DAD437CB254A074D00CEA901 /* RecipeView.swift in Sources */,
				DAB277F0254F4D9F004F333C /* FieldView.swift in Sources */,
				DAC3594A257D284E00197BA9 /* IngredientSheet.swift in Sources */,
				DA63ECDC25616252009F5FDB /* Stage.swift in Sources */,
				DADED327254317A700EB8BB0 /* Persistence.swift in Sources */,
				DAB8DC72254630BA00AD4F03 /* DataProvider.swift in Sources */,
				DAC94B3A2664466E00BE3AD2 /* StageDataProvider.swift in Sources */,
				DAB27805254F59BB004F333C /* IngredientViewModel.swift in Sources */,
				DA63ECF72561E1AF009F5FDB /* StageView.swift in Sources */,
				DAB8DC7B2546310400AD4F03 /* RecipeAPI.swift in Sources */,
				DADED321254317A700EB8BB0 /* Craftbeer.xcdatamodeld in Sources */,
				DAB91C72255206310034089C /* RecipeSheet.swift in Sources */,
				DAB8DC6525462F5D00AD4F03 /* RecipeViewModel.swift in Sources */,
				DAC94B4726666AE500BE3AD2 /* BottomSheetView.swift in Sources */,
				DAB8DC5725462B7A00AD4F03 /* Recipe.swift in Sources */,
				DA7CC6222550B2CD0095BE4A /* Formatter.swift in Sources */,
				DAD437D2254A196E00CEA901 /* RecipeViewDetail.swift in Sources */,
				DAC35959257D3AEF00197BA9 /* StageSheet.swift in Sources */,
			);
			runOnlyForDeploymentPostprocessing = 0;
		};
		DADED303254317A700EB8BB0 /* Sources */ = {
			isa = PBXSourcesBuildPhase;
			buildActionMask = 2147483647;
			files = (
				DAB8DC852546349B00AD4F03 /* RecipeDataProvider.swift in Sources */,
				DADED324254317A700EB8BB0 /* CraftbeerApp.swift in Sources */,
				DAB277FF254F552C004F333C /* Ingredient.swift in Sources */,
				DA63ECE8256162E7009F5FDB /* StageViewModel.swift in Sources */,
				DAB2781D254F7BB1004F333C /* IngredientView.swift in Sources */,
				DAC94B352664433900BE3AD2 /* IngredientDataProvider.swift in Sources */,
				DADED328254317A700EB8BB0 /* Persistence.swift in Sources */,
				DAB8DC932546F10200AD4F03 /* ApiConfiguration.swift in Sources */,
				DAD437CC254A074D00CEA901 /* RecipeView.swift in Sources */,
				DAB277F1254F4D9F004F333C /* FieldView.swift in Sources */,
				DAC3594B257D284E00197BA9 /* IngredientSheet.swift in Sources */,
				DA63ECDD25616252009F5FDB /* Stage.swift in Sources */,
				DADED322254317A700EB8BB0 /* Craftbeer.xcdatamodeld in Sources */,
				DAB8DC73254630BA00AD4F03 /* DataProvider.swift in Sources */,
				DAC94B3B2664466E00BE3AD2 /* StageDataProvider.swift in Sources */,
				DAB27806254F59BB004F333C /* IngredientViewModel.swift in Sources */,
				DA63ECFD2561E1B0009F5FDB /* StageView.swift in Sources */,
				DAB8DC7C2546310400AD4F03 /* RecipeAPI.swift in Sources */,
				DAB91D65255214060034089C /* RecipeViewDetail.swift in Sources */,
				DADED326254317A700EB8BB0 /* ContentView.swift in Sources */,
				DAB91C73255206310034089C /* RecipeSheet.swift in Sources */,
				DAC94B4826666AE500BE3AD2 /* BottomSheetView.swift in Sources */,
				DAB8DC6625462F5D00AD4F03 /* RecipeViewModel.swift in Sources */,
				DAB8DC5825462B7A00AD4F03 /* Recipe.swift in Sources */,
				DA7CC6232550B2CD0095BE4A /* Formatter.swift in Sources */,
				DAC3595F257D3AF000197BA9 /* StageSheet.swift in Sources */,
			);
			runOnlyForDeploymentPostprocessing = 0;
		};
		DADED30B254317A700EB8BB0 /* Sources */ = {
			isa = PBXSourcesBuildPhase;
			buildActionMask = 2147483647;
			files = (
				DAB8DC862546349B00AD4F03 /* RecipeDataProvider.swift in Sources */,
				DAC94B362664433900BE3AD2 /* IngredientDataProvider.swift in Sources */,
				DADED314254317A700EB8BB0 /* Tests_iOS.swift in Sources */,
				DA63ECDE25616252009F5FDB /* Stage.swift in Sources */,
				DAB8DC6725462F5D00AD4F03 /* RecipeViewModel.swift in Sources */,
				DAC94B4926666AE500BE3AD2 /* BottomSheetView.swift in Sources */,
				DAB8DC7D2546310400AD4F03 /* RecipeAPI.swift in Sources */,
				DAB8DC74254630BA00AD4F03 /* DataProvider.swift in Sources */,
				DAB8DC942546F10200AD4F03 /* ApiConfiguration.swift in Sources */,
				DA63ECE9256162E7009F5FDB /* StageViewModel.swift in Sources */,
				DAC94B3C2664466E00BE3AD2 /* StageDataProvider.swift in Sources */,
				DAB8DC5925462B7A00AD4F03 /* Recipe.swift in Sources */,
			);
			runOnlyForDeploymentPostprocessing = 0;
		};
		DADED316254317A700EB8BB0 /* Sources */ = {
			isa = PBXSourcesBuildPhase;
			buildActionMask = 2147483647;
			files = (
				DAB8DC872546349B00AD4F03 /* RecipeDataProvider.swift in Sources */,
				DAC94B372664433900BE3AD2 /* IngredientDataProvider.swift in Sources */,
				DADED31F254317A700EB8BB0 /* Tests_macOS.swift in Sources */,
				DA63ECDF25616252009F5FDB /* Stage.swift in Sources */,
				DAB8DC6825462F5D00AD4F03 /* RecipeViewModel.swift in Sources */,
				DAC94B4A26666AE500BE3AD2 /* BottomSheetView.swift in Sources */,
				DAB8DC7E2546310400AD4F03 /* RecipeAPI.swift in Sources */,
				DAB8DC75254630BA00AD4F03 /* DataProvider.swift in Sources */,
				DAB8DC952546F10200AD4F03 /* ApiConfiguration.swift in Sources */,
				DA63ECEA256162E7009F5FDB /* StageViewModel.swift in Sources */,
				DAC94B3D2664466E00BE3AD2 /* StageDataProvider.swift in Sources */,
				DAB8DC5A25462B7A00AD4F03 /* Recipe.swift in Sources */,
			);
			runOnlyForDeploymentPostprocessing = 0;
		};
/* End PBXSourcesBuildPhase section */

/* Begin PBXTargetDependency section */
		DADED311254317A700EB8BB0 /* PBXTargetDependency */ = {
			isa = PBXTargetDependency;
			target = DADED2FE254317A700EB8BB0 /* Craftbeer (iOS) */;
			targetProxy = DADED310254317A700EB8BB0 /* PBXContainerItemProxy */;
		};
		DADED31C254317A700EB8BB0 /* PBXTargetDependency */ = {
			isa = PBXTargetDependency;
			target = DADED306254317A700EB8BB0 /* Craftbeer (macOS) */;
			targetProxy = DADED31B254317A700EB8BB0 /* PBXContainerItemProxy */;
		};
/* End PBXTargetDependency section */

/* Begin XCBuildConfiguration section */
		DAB91CD8255208E10034089C /* Debug */ = {
			isa = XCBuildConfiguration;
			buildSettings = {
				ASSETCATALOG_COMPILER_APPICON_NAME = "Brand Assets";
				ASSETCATALOG_COMPILER_GLOBAL_ACCENT_COLOR_NAME = AccentColor;
				CODE_SIGN_STYLE = Automatic;
				DEVELOPMENT_ASSET_PATHS = "\"tvOS/Preview Content\"";
				DEVELOPMENT_TEAM = E5YV4NK229;
				ENABLE_PREVIEWS = YES;
				INFOPLIST_FILE = tvOS/Info.plist;
				LD_RUNPATH_SEARCH_PATHS = (
					"$(inherited)",
					"@executable_path/Frameworks",
				);
				PRODUCT_BUNDLE_IDENTIFIER = ar.com.wannaka.Craftbeer;
				PRODUCT_NAME = "$(TARGET_NAME)";
				SDKROOT = appletvos;
				SWIFT_VERSION = 5.0;
				TARGETED_DEVICE_FAMILY = 3;
				TVOS_DEPLOYMENT_TARGET = 14.2;
			};
			name = Debug;
		};
		DAB91CD9255208E10034089C /* Release */ = {
			isa = XCBuildConfiguration;
			buildSettings = {
				ASSETCATALOG_COMPILER_APPICON_NAME = "Brand Assets";
				ASSETCATALOG_COMPILER_GLOBAL_ACCENT_COLOR_NAME = AccentColor;
				CODE_SIGN_STYLE = Automatic;
				DEVELOPMENT_ASSET_PATHS = "\"tvOS/Preview Content\"";
				DEVELOPMENT_TEAM = TGG8A6SJD4;
				ENABLE_PREVIEWS = YES;
				INFOPLIST_FILE = tvOS/Info.plist;
				LD_RUNPATH_SEARCH_PATHS = (
					"$(inherited)",
					"@executable_path/Frameworks",
				);
				PRODUCT_BUNDLE_IDENTIFIER = ar.com.wannaka.Craftbeer;
				PRODUCT_NAME = "$(TARGET_NAME)";
				SDKROOT = appletvos;
				SWIFT_VERSION = 5.0;
				TARGETED_DEVICE_FAMILY = 3;
				TVOS_DEPLOYMENT_TARGET = 14.2;
				VALIDATE_PRODUCT = YES;
			};
			name = Release;
		};
		DADED32B254317A700EB8BB0 /* Debug */ = {
			isa = XCBuildConfiguration;
			buildSettings = {
				ALWAYS_SEARCH_USER_PATHS = NO;
				CLANG_ANALYZER_NONNULL = YES;
				CLANG_ANALYZER_NUMBER_OBJECT_CONVERSION = YES_AGGRESSIVE;
				CLANG_CXX_LANGUAGE_STANDARD = "gnu++14";
				CLANG_CXX_LIBRARY = "libc++";
				CLANG_ENABLE_MODULES = YES;
				CLANG_ENABLE_OBJC_ARC = YES;
				CLANG_ENABLE_OBJC_WEAK = YES;
				CLANG_WARN_BLOCK_CAPTURE_AUTORELEASING = YES;
				CLANG_WARN_BOOL_CONVERSION = YES;
				CLANG_WARN_COMMA = YES;
				CLANG_WARN_CONSTANT_CONVERSION = YES;
				CLANG_WARN_DEPRECATED_OBJC_IMPLEMENTATIONS = YES;
				CLANG_WARN_DIRECT_OBJC_ISA_USAGE = YES_ERROR;
				CLANG_WARN_DOCUMENTATION_COMMENTS = YES;
				CLANG_WARN_EMPTY_BODY = YES;
				CLANG_WARN_ENUM_CONVERSION = YES;
				CLANG_WARN_INFINITE_RECURSION = YES;
				CLANG_WARN_INT_CONVERSION = YES;
				CLANG_WARN_NON_LITERAL_NULL_CONVERSION = YES;
				CLANG_WARN_OBJC_IMPLICIT_RETAIN_SELF = YES;
				CLANG_WARN_OBJC_LITERAL_CONVERSION = YES;
				CLANG_WARN_OBJC_ROOT_CLASS = YES_ERROR;
				CLANG_WARN_QUOTED_INCLUDE_IN_FRAMEWORK_HEADER = YES;
				CLANG_WARN_RANGE_LOOP_ANALYSIS = YES;
				CLANG_WARN_STRICT_PROTOTYPES = YES;
				CLANG_WARN_SUSPICIOUS_MOVE = YES;
				CLANG_WARN_UNGUARDED_AVAILABILITY = YES_AGGRESSIVE;
				CLANG_WARN_UNREACHABLE_CODE = YES;
				CLANG_WARN__DUPLICATE_METHOD_MATCH = YES;
				COPY_PHASE_STRIP = NO;
				DEBUG_INFORMATION_FORMAT = dwarf;
				ENABLE_STRICT_OBJC_MSGSEND = YES;
				ENABLE_TESTABILITY = YES;
				GCC_C_LANGUAGE_STANDARD = gnu11;
				GCC_DYNAMIC_NO_PIC = NO;
				GCC_NO_COMMON_BLOCKS = YES;
				GCC_OPTIMIZATION_LEVEL = 0;
				GCC_PREPROCESSOR_DEFINITIONS = (
					"DEBUG=1",
					"$(inherited)",
				);
				GCC_WARN_64_TO_32_BIT_CONVERSION = YES;
				GCC_WARN_ABOUT_RETURN_TYPE = YES_ERROR;
				GCC_WARN_UNDECLARED_SELECTOR = YES;
				GCC_WARN_UNINITIALIZED_AUTOS = YES_AGGRESSIVE;
				GCC_WARN_UNUSED_FUNCTION = YES;
				GCC_WARN_UNUSED_VARIABLE = YES;
				MTL_ENABLE_DEBUG_INFO = INCLUDE_SOURCE;
				MTL_FAST_MATH = YES;
				ONLY_ACTIVE_ARCH = YES;
				SWIFT_ACTIVE_COMPILATION_CONDITIONS = DEBUG;
				SWIFT_OPTIMIZATION_LEVEL = "-Onone";
			};
			name = Debug;
		};
		DADED32C254317A700EB8BB0 /* Release */ = {
			isa = XCBuildConfiguration;
			buildSettings = {
				ALWAYS_SEARCH_USER_PATHS = NO;
				CLANG_ANALYZER_NONNULL = YES;
				CLANG_ANALYZER_NUMBER_OBJECT_CONVERSION = YES_AGGRESSIVE;
				CLANG_CXX_LANGUAGE_STANDARD = "gnu++14";
				CLANG_CXX_LIBRARY = "libc++";
				CLANG_ENABLE_MODULES = YES;
				CLANG_ENABLE_OBJC_ARC = YES;
				CLANG_ENABLE_OBJC_WEAK = YES;
				CLANG_WARN_BLOCK_CAPTURE_AUTORELEASING = YES;
				CLANG_WARN_BOOL_CONVERSION = YES;
				CLANG_WARN_COMMA = YES;
				CLANG_WARN_CONSTANT_CONVERSION = YES;
				CLANG_WARN_DEPRECATED_OBJC_IMPLEMENTATIONS = YES;
				CLANG_WARN_DIRECT_OBJC_ISA_USAGE = YES_ERROR;
				CLANG_WARN_DOCUMENTATION_COMMENTS = YES;
				CLANG_WARN_EMPTY_BODY = YES;
				CLANG_WARN_ENUM_CONVERSION = YES;
				CLANG_WARN_INFINITE_RECURSION = YES;
				CLANG_WARN_INT_CONVERSION = YES;
				CLANG_WARN_NON_LITERAL_NULL_CONVERSION = YES;
				CLANG_WARN_OBJC_IMPLICIT_RETAIN_SELF = YES;
				CLANG_WARN_OBJC_LITERAL_CONVERSION = YES;
				CLANG_WARN_OBJC_ROOT_CLASS = YES_ERROR;
				CLANG_WARN_QUOTED_INCLUDE_IN_FRAMEWORK_HEADER = YES;
				CLANG_WARN_RANGE_LOOP_ANALYSIS = YES;
				CLANG_WARN_STRICT_PROTOTYPES = YES;
				CLANG_WARN_SUSPICIOUS_MOVE = YES;
				CLANG_WARN_UNGUARDED_AVAILABILITY = YES_AGGRESSIVE;
				CLANG_WARN_UNREACHABLE_CODE = YES;
				CLANG_WARN__DUPLICATE_METHOD_MATCH = YES;
				COPY_PHASE_STRIP = NO;
				DEBUG_INFORMATION_FORMAT = "dwarf-with-dsym";
				ENABLE_NS_ASSERTIONS = NO;
				ENABLE_STRICT_OBJC_MSGSEND = YES;
				GCC_C_LANGUAGE_STANDARD = gnu11;
				GCC_NO_COMMON_BLOCKS = YES;
				GCC_WARN_64_TO_32_BIT_CONVERSION = YES;
				GCC_WARN_ABOUT_RETURN_TYPE = YES_ERROR;
				GCC_WARN_UNDECLARED_SELECTOR = YES;
				GCC_WARN_UNINITIALIZED_AUTOS = YES_AGGRESSIVE;
				GCC_WARN_UNUSED_FUNCTION = YES;
				GCC_WARN_UNUSED_VARIABLE = YES;
				MTL_ENABLE_DEBUG_INFO = NO;
				MTL_FAST_MATH = YES;
				SWIFT_COMPILATION_MODE = wholemodule;
				SWIFT_OPTIMIZATION_LEVEL = "-O";
			};
			name = Release;
		};
		DADED32E254317A700EB8BB0 /* Debug */ = {
			isa = XCBuildConfiguration;
			buildSettings = {
				ASSETCATALOG_COMPILER_APPICON_NAME = AppIcon;
				ASSETCATALOG_COMPILER_GLOBAL_ACCENT_COLOR_NAME = AccentColor;
				CODE_SIGN_STYLE = Automatic;
				DEVELOPMENT_TEAM = TGG8A6SJD4;
				ENABLE_PREVIEWS = YES;
				INFOPLIST_FILE = iOS/Info.plist;
				IPHONEOS_DEPLOYMENT_TARGET = 14.5;
				LD_RUNPATH_SEARCH_PATHS = (
					"$(inherited)",
					"@executable_path/Frameworks",
				);
				PRODUCT_BUNDLE_IDENTIFIER = ar.com.wanaka.Craftbeer;
				PRODUCT_NAME = Craftbeer;
				SDKROOT = iphoneos;
				SWIFT_VERSION = 5.0;
				TARGETED_DEVICE_FAMILY = "1,2";
			};
			name = Debug;
		};
		DADED32F254317A700EB8BB0 /* Release */ = {
			isa = XCBuildConfiguration;
			buildSettings = {
				ASSETCATALOG_COMPILER_APPICON_NAME = AppIcon;
				ASSETCATALOG_COMPILER_GLOBAL_ACCENT_COLOR_NAME = AccentColor;
				CODE_SIGN_STYLE = Automatic;
				DEVELOPMENT_TEAM = TGG8A6SJD4;
				ENABLE_PREVIEWS = YES;
				INFOPLIST_FILE = iOS/Info.plist;
				IPHONEOS_DEPLOYMENT_TARGET = 14.5;
				LD_RUNPATH_SEARCH_PATHS = (
					"$(inherited)",
					"@executable_path/Frameworks",
				);
				PRODUCT_BUNDLE_IDENTIFIER = ar.com.wanaka.Craftbeer;
				PRODUCT_NAME = Craftbeer;
				SDKROOT = iphoneos;
				SWIFT_VERSION = 5.0;
				TARGETED_DEVICE_FAMILY = "1,2";
				VALIDATE_PRODUCT = YES;
			};
			name = Release;
		};
		DADED331254317A700EB8BB0 /* Debug */ = {
			isa = XCBuildConfiguration;
			buildSettings = {
				ASSETCATALOG_COMPILER_APPICON_NAME = AppIcon;
				ASSETCATALOG_COMPILER_GLOBAL_ACCENT_COLOR_NAME = AccentColor;
				CODE_SIGN_ENTITLEMENTS = macOS/macOS.entitlements;
				CODE_SIGN_IDENTITY = "-";
				CODE_SIGN_STYLE = Automatic;
				COMBINE_HIDPI_IMAGES = YES;
				DEVELOPMENT_TEAM = E5YV4NK229;
				ENABLE_HARDENED_RUNTIME = YES;
				ENABLE_PREVIEWS = YES;
				INFOPLIST_FILE = macOS/Info.plist;
				LD_RUNPATH_SEARCH_PATHS = (
					"$(inherited)",
					"@executable_path/../Frameworks",
				);
				MACOSX_DEPLOYMENT_TARGET = 11.0;
				PRODUCT_BUNDLE_IDENTIFIER = ar.com.wanaka.Craftbeer;
				PRODUCT_NAME = Craftbeer;
				SDKROOT = macosx;
				SWIFT_VERSION = 5.0;
			};
			name = Debug;
		};
		DADED332254317A700EB8BB0 /* Release */ = {
			isa = XCBuildConfiguration;
			buildSettings = {
				ASSETCATALOG_COMPILER_APPICON_NAME = AppIcon;
				ASSETCATALOG_COMPILER_GLOBAL_ACCENT_COLOR_NAME = AccentColor;
				CODE_SIGN_ENTITLEMENTS = macOS/macOS.entitlements;
				CODE_SIGN_IDENTITY = "-";
				CODE_SIGN_STYLE = Automatic;
				COMBINE_HIDPI_IMAGES = YES;
				DEVELOPMENT_TEAM = E5YV4NK229;
				ENABLE_HARDENED_RUNTIME = YES;
				ENABLE_PREVIEWS = YES;
				INFOPLIST_FILE = macOS/Info.plist;
				LD_RUNPATH_SEARCH_PATHS = (
					"$(inherited)",
					"@executable_path/../Frameworks",
				);
				MACOSX_DEPLOYMENT_TARGET = 11.0;
				PRODUCT_BUNDLE_IDENTIFIER = ar.com.wanaka.Craftbeer;
				PRODUCT_NAME = Craftbeer;
				SDKROOT = macosx;
				SWIFT_VERSION = 5.0;
			};
			name = Release;
		};
		DADED334254317A700EB8BB0 /* Debug */ = {
			isa = XCBuildConfiguration;
			buildSettings = {
				ALWAYS_EMBED_SWIFT_STANDARD_LIBRARIES = YES;
				CODE_SIGN_STYLE = Automatic;
				DEVELOPMENT_TEAM = TGG8A6SJD4;
				INFOPLIST_FILE = "Tests iOS/Info.plist";
				IPHONEOS_DEPLOYMENT_TARGET = 14.2;
				LD_RUNPATH_SEARCH_PATHS = (
					"$(inherited)",
					"@executable_path/Frameworks",
					"@loader_path/Frameworks",
				);
				PRODUCT_BUNDLE_IDENTIFIER = "ar.com.guanaca.Tests-iOS";
				PRODUCT_NAME = "$(TARGET_NAME)";
				SDKROOT = iphoneos;
				SWIFT_VERSION = 5.0;
				TARGETED_DEVICE_FAMILY = "1,2";
				TEST_TARGET_NAME = "Craftbeer (iOS)";
			};
			name = Debug;
		};
		DADED335254317A700EB8BB0 /* Release */ = {
			isa = XCBuildConfiguration;
			buildSettings = {
				ALWAYS_EMBED_SWIFT_STANDARD_LIBRARIES = YES;
				CODE_SIGN_STYLE = Automatic;
				DEVELOPMENT_TEAM = TGG8A6SJD4;
				INFOPLIST_FILE = "Tests iOS/Info.plist";
				IPHONEOS_DEPLOYMENT_TARGET = 14.2;
				LD_RUNPATH_SEARCH_PATHS = (
					"$(inherited)",
					"@executable_path/Frameworks",
					"@loader_path/Frameworks",
				);
				PRODUCT_BUNDLE_IDENTIFIER = "ar.com.guanaca.Tests-iOS";
				PRODUCT_NAME = "$(TARGET_NAME)";
				SDKROOT = iphoneos;
				SWIFT_VERSION = 5.0;
				TARGETED_DEVICE_FAMILY = "1,2";
				TEST_TARGET_NAME = "Craftbeer (iOS)";
				VALIDATE_PRODUCT = YES;
			};
			name = Release;
		};
		DADED337254317A700EB8BB0 /* Debug */ = {
			isa = XCBuildConfiguration;
			buildSettings = {
				ALWAYS_EMBED_SWIFT_STANDARD_LIBRARIES = YES;
				CODE_SIGN_STYLE = Automatic;
				COMBINE_HIDPI_IMAGES = YES;
				DEVELOPMENT_TEAM = TGG8A6SJD4;
				INFOPLIST_FILE = "Tests macOS/Info.plist";
				LD_RUNPATH_SEARCH_PATHS = (
					"$(inherited)",
					"@executable_path/../Frameworks",
					"@loader_path/../Frameworks",
				);
				MACOSX_DEPLOYMENT_TARGET = 11.0;
				PRODUCT_BUNDLE_IDENTIFIER = "ar.com.guanaca.Tests-macOS";
				PRODUCT_NAME = "$(TARGET_NAME)";
				SDKROOT = macosx;
				SWIFT_VERSION = 5.0;
				TEST_TARGET_NAME = "Craftbeer (macOS)";
			};
			name = Debug;
		};
		DADED338254317A700EB8BB0 /* Release */ = {
			isa = XCBuildConfiguration;
			buildSettings = {
				ALWAYS_EMBED_SWIFT_STANDARD_LIBRARIES = YES;
				CODE_SIGN_STYLE = Automatic;
				COMBINE_HIDPI_IMAGES = YES;
				DEVELOPMENT_TEAM = TGG8A6SJD4;
				INFOPLIST_FILE = "Tests macOS/Info.plist";
				LD_RUNPATH_SEARCH_PATHS = (
					"$(inherited)",
					"@executable_path/../Frameworks",
					"@loader_path/../Frameworks",
				);
				MACOSX_DEPLOYMENT_TARGET = 11.0;
				PRODUCT_BUNDLE_IDENTIFIER = "ar.com.guanaca.Tests-macOS";
				PRODUCT_NAME = "$(TARGET_NAME)";
				SDKROOT = macosx;
				SWIFT_VERSION = 5.0;
				TEST_TARGET_NAME = "Craftbeer (macOS)";
			};
			name = Release;
		};
/* End XCBuildConfiguration section */

/* Begin XCConfigurationList section */
		DAB91CD7255208E10034089C /* Build configuration list for PBXNativeTarget "Craftbeer (tvOS)" */ = {
			isa = XCConfigurationList;
			buildConfigurations = (
				DAB91CD8255208E10034089C /* Debug */,
				DAB91CD9255208E10034089C /* Release */,
			);
			defaultConfigurationIsVisible = 0;
			defaultConfigurationName = Release;
		};
		DADED2F3254317A600EB8BB0 /* Build configuration list for PBXProject "Craftbeer" */ = {
			isa = XCConfigurationList;
			buildConfigurations = (
				DADED32B254317A700EB8BB0 /* Debug */,
				DADED32C254317A700EB8BB0 /* Release */,
			);
			defaultConfigurationIsVisible = 0;
			defaultConfigurationName = Release;
		};
		DADED32D254317A700EB8BB0 /* Build configuration list for PBXNativeTarget "Craftbeer (iOS)" */ = {
			isa = XCConfigurationList;
			buildConfigurations = (
				DADED32E254317A700EB8BB0 /* Debug */,
				DADED32F254317A700EB8BB0 /* Release */,
			);
			defaultConfigurationIsVisible = 0;
			defaultConfigurationName = Release;
		};
		DADED330254317A700EB8BB0 /* Build configuration list for PBXNativeTarget "Craftbeer (macOS)" */ = {
			isa = XCConfigurationList;
			buildConfigurations = (
				DADED331254317A700EB8BB0 /* Debug */,
				DADED332254317A700EB8BB0 /* Release */,
			);
			defaultConfigurationIsVisible = 0;
			defaultConfigurationName = Release;
		};
		DADED333254317A700EB8BB0 /* Build configuration list for PBXNativeTarget "Tests iOS" */ = {
			isa = XCConfigurationList;
			buildConfigurations = (
				DADED334254317A700EB8BB0 /* Debug */,
				DADED335254317A700EB8BB0 /* Release */,
			);
			defaultConfigurationIsVisible = 0;
			defaultConfigurationName = Release;
		};
		DADED336254317A700EB8BB0 /* Build configuration list for PBXNativeTarget "Tests macOS" */ = {
			isa = XCConfigurationList;
			buildConfigurations = (
				DADED337254317A700EB8BB0 /* Debug */,
				DADED338254317A700EB8BB0 /* Release */,
			);
			defaultConfigurationIsVisible = 0;
			defaultConfigurationName = Release;
		};
/* End XCConfigurationList section */

/* Begin XCRemoteSwiftPackageReference section */
		DAB8DC4B2546256E00AD4F03 /* XCRemoteSwiftPackageReference "Alamofire" */ = {
			isa = XCRemoteSwiftPackageReference;
			repositoryURL = "https://github.com/Alamofire/Alamofire.git";
			requirement = {
				kind = upToNextMajorVersion;
				minimumVersion = 5.3.0;
			};
		};
		DAC9C6B6265B219300AA4D26 /* XCRemoteSwiftPackageReference "PopupView" */ = {
			isa = XCRemoteSwiftPackageReference;
			repositoryURL = "https://github.com/exyte/PopupView.git";
			requirement = {
				kind = upToNextMajorVersion;
				minimumVersion = 0.0.14;
			};
		};
/* End XCRemoteSwiftPackageReference section */

/* Begin XCSwiftPackageProductDependency section */
		DAB8DC4C2546256E00AD4F03 /* Alamofire */ = {
			isa = XCSwiftPackageProductDependency;
			package = DAB8DC4B2546256E00AD4F03 /* XCRemoteSwiftPackageReference "Alamofire" */;
			productName = Alamofire;
		};
		DAB8DC532546263C00AD4F03 /* Alamofire */ = {
			isa = XCSwiftPackageProductDependency;
			package = DAB8DC4B2546256E00AD4F03 /* XCRemoteSwiftPackageReference "Alamofire" */;
			productName = Alamofire;
		};
		DAB91D3125520FD20034089C /* Alamofire */ = {
			isa = XCSwiftPackageProductDependency;
			package = DAB8DC4B2546256E00AD4F03 /* XCRemoteSwiftPackageReference "Alamofire" */;
			productName = Alamofire;
		};
		DAC9C6B7265B219300AA4D26 /* PopupView */ = {
			isa = XCSwiftPackageProductDependency;
			package = DAC9C6B6265B219300AA4D26 /* XCRemoteSwiftPackageReference "PopupView" */;
			productName = PopupView;
		};
/* End XCSwiftPackageProductDependency section */

/* Begin XCVersionGroup section */
		DADED2F5254317A600EB8BB0 /* Craftbeer.xcdatamodeld */ = {
			isa = XCVersionGroup;
			children = (
				DADED2F6254317A600EB8BB0 /* Shared.xcdatamodel */,
			);
			currentVersion = DADED2F6254317A600EB8BB0 /* Shared.xcdatamodel */;
			path = Craftbeer.xcdatamodeld;
			sourceTree = "<group>";
			versionGroupType = wrapper.xcdatamodel;
		};
/* End XCVersionGroup section */
	};
	rootObject = DADED2F0254317A600EB8BB0 /* Project object */;
}
